// !$*UTF8*$!
{
	archiveVersion = 1;
	classes = {
	};
	objectVersion = 56;
	objects = {

/* Begin PBXBuildFile section */
		C60FEC362A2B99520054C1FB /* TimeViewController.swift in Sources */ = {isa = PBXBuildFile; fileRef = C60FEC352A2B99520054C1FB /* TimeViewController.swift */; };
		C60FEC3C2A2B9A970054C1FB /* CalculoFert.swift in Sources */ = {isa = PBXBuildFile; fileRef = C60FEC3B2A2B9A970054C1FB /* CalculoFert.swift */; };
		C69637FF2A2D2C9600DF0FBD /* PrevisaoViewController.swift in Sources */ = {isa = PBXBuildFile; fileRef = C69637FE2A2D2C9600DF0FBD /* PrevisaoViewController.swift */; };
		C6B0A15E2A2934A400ADA63C /* AppDelegate.swift in Sources */ = {isa = PBXBuildFile; fileRef = C6B0A15D2A2934A400ADA63C /* AppDelegate.swift */; };
		C6B0A1602A2934A400ADA63C /* SceneDelegate.swift in Sources */ = {isa = PBXBuildFile; fileRef = C6B0A15F2A2934A400ADA63C /* SceneDelegate.swift */; };
		C6B0A1622A2934A400ADA63C /* ControlViewController.swift in Sources */ = {isa = PBXBuildFile; fileRef = C6B0A1612A2934A400ADA63C /* ControlViewController.swift */; };
		C6B0A1652A2934A400ADA63C /* Main.storyboard in Resources */ = {isa = PBXBuildFile; fileRef = C6B0A1632A2934A400ADA63C /* Main.storyboard */; };
		C6B0A1672A2934A500ADA63C /* Assets.xcassets in Resources */ = {isa = PBXBuildFile; fileRef = C6B0A1662A2934A500ADA63C /* Assets.xcassets */; };
		C6B0A16A2A2934A500ADA63C /* LaunchScreen.storyboard in Resources */ = {isa = PBXBuildFile; fileRef = C6B0A1682A2934A500ADA63C /* LaunchScreen.storyboard */; };
		C6B0A1722A29350C00ADA63C /* HealthViewController.swift in Sources */ = {isa = PBXBuildFile; fileRef = C6B0A1712A29350C00ADA63C /* HealthViewController.swift */; };
		C6B0A1742A29352100ADA63C /* TipsViewController.swift in Sources */ = {isa = PBXBuildFile; fileRef = C6B0A1732A29352100ADA63C /* TipsViewController.swift */; };
		C6B0A1762A293E6A00ADA63C /* InfosViewController.swift in Sources */ = {isa = PBXBuildFile; fileRef = C6B0A1752A293E6A00ADA63C /* InfosViewController.swift */; };
		C6CE1A882A2D35B9001BB456 /* CalculoPrevisao.swift in Sources */ = {isa = PBXBuildFile; fileRef = C6CE1A872A2D35B9001BB456 /* CalculoPrevisao.swift */; };
		C6CE1A8A2A2D4204001BB456 /* SemeaduraViewController.swift in Sources */ = {isa = PBXBuildFile; fileRef = C6CE1A892A2D4204001BB456 /* SemeaduraViewController.swift */; };
		C6CE1A8C2A2D4303001BB456 /* CalculoSemeadura.swift in Sources */ = {isa = PBXBuildFile; fileRef = C6CE1A8B2A2D4303001BB456 /* CalculoSemeadura.swift */; };
		C6CE1A8E2A2E515F001BB456 /* TomateViewController.swift in Sources */ = {isa = PBXBuildFile; fileRef = C6CE1A8D2A2E515F001BB456 /* TomateViewController.swift */; };
		C6CE1A902A2E6660001BB456 /* CenouraViewController.swift in Sources */ = {isa = PBXBuildFile; fileRef = C6CE1A8F2A2E6660001BB456 /* CenouraViewController.swift */; };
		C6CE1A922A2EA3F8001BB456 /* RequeimaReadMoreViewController.swift in Sources */ = {isa = PBXBuildFile; fileRef = C6CE1A912A2EA3F8001BB456 /* RequeimaReadMoreViewController.swift */; };
		C6CE1A942A2EB301001BB456 /* SeptorioseViewController.swift in Sources */ = {isa = PBXBuildFile; fileRef = C6CE1A932A2EB301001BB456 /* SeptorioseViewController.swift */; };
		C6CE1A962A2EB821001BB456 /* MofoBrancoViewController.swift in Sources */ = {isa = PBXBuildFile; fileRef = C6CE1A952A2EB821001BB456 /* MofoBrancoViewController.swift */; };
		C6D9DA522A2A574800C61F08 /* PropostaViewController.swift in Sources */ = {isa = PBXBuildFile; fileRef = C6D9DA512A2A574800C61F08 /* PropostaViewController.swift */; };
		C6D9DA572A2A809600C61F08 /* FertilizanteViewController.swift in Sources */ = {isa = PBXBuildFile; fileRef = C6D9DA562A2A809600C61F08 /* FertilizanteViewController.swift */; };
/* End PBXBuildFile section */

/* Begin PBXFileReference section */
		C60FEC352A2B99520054C1FB /* TimeViewController.swift */ = {isa = PBXFileReference; lastKnownFileType = sourcecode.swift; path = TimeViewController.swift; sourceTree = "<group>"; };
		C60FEC3B2A2B9A970054C1FB /* CalculoFert.swift */ = {isa = PBXFileReference; lastKnownFileType = sourcecode.swift; path = CalculoFert.swift; sourceTree = "<group>"; };
		C69637FE2A2D2C9600DF0FBD /* PrevisaoViewController.swift */ = {isa = PBXFileReference; lastKnownFileType = sourcecode.swift; path = PrevisaoViewController.swift; sourceTree = "<group>"; };
		C6B0A15A2A2934A400ADA63C /* enzo_rm85311.app */ = {isa = PBXFileReference; explicitFileType = wrapper.application; includeInIndex = 0; path = enzo_rm85311.app; sourceTree = BUILT_PRODUCTS_DIR; };
		C6B0A15D2A2934A400ADA63C /* AppDelegate.swift */ = {isa = PBXFileReference; lastKnownFileType = sourcecode.swift; path = AppDelegate.swift; sourceTree = "<group>"; };
		C6B0A15F2A2934A400ADA63C /* SceneDelegate.swift */ = {isa = PBXFileReference; lastKnownFileType = sourcecode.swift; path = SceneDelegate.swift; sourceTree = "<group>"; };
		C6B0A1612A2934A400ADA63C /* ControlViewController.swift */ = {isa = PBXFileReference; lastKnownFileType = sourcecode.swift; path = ControlViewController.swift; sourceTree = "<group>"; };
		C6B0A1642A2934A400ADA63C /* Base */ = {isa = PBXFileReference; lastKnownFileType = file.storyboard; name = Base; path = Base.lproj/Main.storyboard; sourceTree = "<group>"; };
		C6B0A1662A2934A500ADA63C /* Assets.xcassets */ = {isa = PBXFileReference; lastKnownFileType = folder.assetcatalog; path = Assets.xcassets; sourceTree = "<group>"; };
		C6B0A1692A2934A500ADA63C /* Base */ = {isa = PBXFileReference; lastKnownFileType = file.storyboard; name = Base; path = Base.lproj/LaunchScreen.storyboard; sourceTree = "<group>"; };
		C6B0A16B2A2934A500ADA63C /* Info.plist */ = {isa = PBXFileReference; lastKnownFileType = text.plist.xml; path = Info.plist; sourceTree = "<group>"; };
		C6B0A1712A29350C00ADA63C /* HealthViewController.swift */ = {isa = PBXFileReference; lastKnownFileType = sourcecode.swift; path = HealthViewController.swift; sourceTree = "<group>"; };
		C6B0A1732A29352100ADA63C /* TipsViewController.swift */ = {isa = PBXFileReference; lastKnownFileType = sourcecode.swift; path = TipsViewController.swift; sourceTree = "<group>"; };
		C6B0A1752A293E6A00ADA63C /* InfosViewController.swift */ = {isa = PBXFileReference; lastKnownFileType = sourcecode.swift; path = InfosViewController.swift; sourceTree = "<group>"; };
		C6CE1A872A2D35B9001BB456 /* CalculoPrevisao.swift */ = {isa = PBXFileReference; lastKnownFileType = sourcecode.swift; path = CalculoPrevisao.swift; sourceTree = "<group>"; };
		C6CE1A892A2D4204001BB456 /* SemeaduraViewController.swift */ = {isa = PBXFileReference; lastKnownFileType = sourcecode.swift; path = SemeaduraViewController.swift; sourceTree = "<group>"; };
		C6CE1A8B2A2D4303001BB456 /* CalculoSemeadura.swift */ = {isa = PBXFileReference; lastKnownFileType = sourcecode.swift; path = CalculoSemeadura.swift; sourceTree = "<group>"; };
		C6CE1A8D2A2E515F001BB456 /* TomateViewController.swift */ = {isa = PBXFileReference; lastKnownFileType = sourcecode.swift; path = TomateViewController.swift; sourceTree = "<group>"; };
		C6CE1A8F2A2E6660001BB456 /* CenouraViewController.swift */ = {isa = PBXFileReference; lastKnownFileType = sourcecode.swift; path = CenouraViewController.swift; sourceTree = "<group>"; };
		C6CE1A912A2EA3F8001BB456 /* RequeimaReadMoreViewController.swift */ = {isa = PBXFileReference; lastKnownFileType = sourcecode.swift; path = RequeimaReadMoreViewController.swift; sourceTree = "<group>"; };
		C6CE1A932A2EB301001BB456 /* SeptorioseViewController.swift */ = {isa = PBXFileReference; lastKnownFileType = sourcecode.swift; path = SeptorioseViewController.swift; sourceTree = "<group>"; };
		C6CE1A952A2EB821001BB456 /* MofoBrancoViewController.swift */ = {isa = PBXFileReference; lastKnownFileType = sourcecode.swift; path = MofoBrancoViewController.swift; sourceTree = "<group>"; };
		C6D9DA512A2A574800C61F08 /* PropostaViewController.swift */ = {isa = PBXFileReference; lastKnownFileType = sourcecode.swift; path = PropostaViewController.swift; sourceTree = "<group>"; };
		C6D9DA562A2A809600C61F08 /* FertilizanteViewController.swift */ = {isa = PBXFileReference; lastKnownFileType = sourcecode.swift; path = FertilizanteViewController.swift; sourceTree = "<group>"; };
/* End PBXFileReference section */

/* Begin PBXFrameworksBuildPhase section */
		C6B0A1572A2934A400ADA63C /* Frameworks */ = {
			isa = PBXFrameworksBuildPhase;
			buildActionMask = 2147483647;
			files = (
			);
			runOnlyForDeploymentPostprocessing = 0;
		};
/* End PBXFrameworksBuildPhase section */

/* Begin PBXGroup section */
		C60FEC332A2B98E50054C1FB /* control */ = {
			isa = PBXGroup;
			children = (
				C6B0A1612A2934A400ADA63C /* ControlViewController.swift */,
				C6D9DA562A2A809600C61F08 /* FertilizanteViewController.swift */,
				C60FEC3B2A2B9A970054C1FB /* CalculoFert.swift */,
				C69637FE2A2D2C9600DF0FBD /* PrevisaoViewController.swift */,
				C6CE1A872A2D35B9001BB456 /* CalculoPrevisao.swift */,
				C6CE1A892A2D4204001BB456 /* SemeaduraViewController.swift */,
				C6CE1A8B2A2D4303001BB456 /* CalculoSemeadura.swift */,
			);
			path = control;
			sourceTree = "<group>";
		};
		C60FEC342A2B990D0054C1FB /* Infos */ = {
			isa = PBXGroup;
			children = (
				C6B0A1752A293E6A00ADA63C /* InfosViewController.swift */,
				C6D9DA512A2A574800C61F08 /* PropostaViewController.swift */,
				C60FEC352A2B99520054C1FB /* TimeViewController.swift */,
			);
			path = Infos;
			sourceTree = "<group>";
		};
		C60FEC372A2B99640054C1FB /* Health */ = {
			isa = PBXGroup;
			children = (
				C6B0A1712A29350C00ADA63C /* HealthViewController.swift */,
				C6CE1A8D2A2E515F001BB456 /* TomateViewController.swift */,
				C6CE1A8F2A2E6660001BB456 /* CenouraViewController.swift */,
				C6CE1A912A2EA3F8001BB456 /* RequeimaReadMoreViewController.swift */,
				C6CE1A932A2EB301001BB456 /* SeptorioseViewController.swift */,
				C6CE1A952A2EB821001BB456 /* MofoBrancoViewController.swift */,
			);
			path = Health;
			sourceTree = "<group>";
		};
		C60FEC382A2B99760054C1FB /* Tips */ = {
			isa = PBXGroup;
			children = (
				C6B0A1732A29352100ADA63C /* TipsViewController.swift */,
			);
			path = Tips;
			sourceTree = "<group>";
		};
		C6B0A1512A2934A400ADA63C = {
			isa = PBXGroup;
			children = (
				C6B0A15C2A2934A400ADA63C /* enzo_rm85311 */,
				C6B0A15B2A2934A400ADA63C /* Products */,
			);
			sourceTree = "<group>";
		};
		C6B0A15B2A2934A400ADA63C /* Products */ = {
			isa = PBXGroup;
			children = (
				C6B0A15A2A2934A400ADA63C /* enzo_rm85311.app */,
			);
			name = Products;
			sourceTree = "<group>";
		};
		C6B0A15C2A2934A400ADA63C /* enzo_rm85311 */ = {
			isa = PBXGroup;
			children = (
				C6D9DA532A2A7C3000C61F08 /* Views */,
				C6B0A15D2A2934A400ADA63C /* AppDelegate.swift */,
				C6B0A15F2A2934A400ADA63C /* SceneDelegate.swift */,
				C6B0A1632A2934A400ADA63C /* Main.storyboard */,
				C6B0A1662A2934A500ADA63C /* Assets.xcassets */,
				C6B0A1682A2934A500ADA63C /* LaunchScreen.storyboard */,
				C6B0A16B2A2934A500ADA63C /* Info.plist */,
			);
			path = enzo_rm85311;
			sourceTree = "<group>";
		};
		C6D9DA532A2A7C3000C61F08 /* Views */ = {
			isa = PBXGroup;
			children = (
				C60FEC382A2B99760054C1FB /* Tips */,
				C60FEC372A2B99640054C1FB /* Health */,
				C60FEC342A2B990D0054C1FB /* Infos */,
				C60FEC332A2B98E50054C1FB /* control */,
			);
			path = Views;
			sourceTree = "<group>";
		};
/* End PBXGroup section */

/* Begin PBXNativeTarget section */
		C6B0A1592A2934A400ADA63C /* enzo_rm85311 */ = {
			isa = PBXNativeTarget;
			buildConfigurationList = C6B0A16E2A2934A500ADA63C /* Build configuration list for PBXNativeTarget "enzo_rm85311" */;
			buildPhases = (
				C6B0A1562A2934A400ADA63C /* Sources */,
				C6B0A1572A2934A400ADA63C /* Frameworks */,
				C6B0A1582A2934A400ADA63C /* Resources */,
			);
			buildRules = (
			);
			dependencies = (
			);
			name = enzo_rm85311;
			productName = NavigationTabEasy;
			productReference = C6B0A15A2A2934A400ADA63C /* enzo_rm85311.app */;
			productType = "com.apple.product-type.application";
		};
/* End PBXNativeTarget section */

/* Begin PBXProject section */
		C6B0A1522A2934A400ADA63C /* Project object */ = {
			isa = PBXProject;
			attributes = {
				BuildIndependentTargetsInParallel = 1;
				LastSwiftUpdateCheck = 1420;
				LastUpgradeCheck = 1420;
				TargetAttributes = {
					C6B0A1592A2934A400ADA63C = {
						CreatedOnToolsVersion = 14.2;
					};
				};
			};
			buildConfigurationList = C6B0A1552A2934A400ADA63C /* Build configuration list for PBXProject "enzo_rm85311" */;
			compatibilityVersion = "Xcode 14.0";
			developmentRegion = en;
			hasScannedForEncodings = 0;
			knownRegions = (
				en,
				Base,
			);
			mainGroup = C6B0A1512A2934A400ADA63C;
			productRefGroup = C6B0A15B2A2934A400ADA63C /* Products */;
			projectDirPath = "";
			projectRoot = "";
			targets = (
				C6B0A1592A2934A400ADA63C /* enzo_rm85311 */,
			);
		};
/* End PBXProject section */

/* Begin PBXResourcesBuildPhase section */
		C6B0A1582A2934A400ADA63C /* Resources */ = {
			isa = PBXResourcesBuildPhase;
			buildActionMask = 2147483647;
			files = (
				C6B0A16A2A2934A500ADA63C /* LaunchScreen.storyboard in Resources */,
				C6B0A1672A2934A500ADA63C /* Assets.xcassets in Resources */,
				C6B0A1652A2934A400ADA63C /* Main.storyboard in Resources */,
			);
			runOnlyForDeploymentPostprocessing = 0;
		};
/* End PBXResourcesBuildPhase section */

/* Begin PBXSourcesBuildPhase section */
		C6B0A1562A2934A400ADA63C /* Sources */ = {
			isa = PBXSourcesBuildPhase;
			buildActionMask = 2147483647;
			files = (
				C6B0A1622A2934A400ADA63C /* ControlViewController.swift in Sources */,
				C6CE1A8C2A2D4303001BB456 /* CalculoSemeadura.swift in Sources */,
				C6CE1A902A2E6660001BB456 /* CenouraViewController.swift in Sources */,
				C6B0A1722A29350C00ADA63C /* HealthViewController.swift in Sources */,
				C6B0A1762A293E6A00ADA63C /* InfosViewController.swift in Sources */,
				C69637FF2A2D2C9600DF0FBD /* PrevisaoViewController.swift in Sources */,
				C6B0A1742A29352100ADA63C /* TipsViewController.swift in Sources */,
				C6CE1A922A2EA3F8001BB456 /* RequeimaReadMoreViewController.swift in Sources */,
				C6CE1A8A2A2D4204001BB456 /* SemeaduraViewController.swift in Sources */,
				C6D9DA522A2A574800C61F08 /* PropostaViewController.swift in Sources */,
				C6B0A15E2A2934A400ADA63C /* AppDelegate.swift in Sources */,
				C6D9DA572A2A809600C61F08 /* FertilizanteViewController.swift in Sources */,
				C6CE1A882A2D35B9001BB456 /* CalculoPrevisao.swift in Sources */,
				C60FEC362A2B99520054C1FB /* TimeViewController.swift in Sources */,
				C6CE1A8E2A2E515F001BB456 /* TomateViewController.swift in Sources */,
				C60FEC3C2A2B9A970054C1FB /* CalculoFert.swift in Sources */,
				C6CE1A962A2EB821001BB456 /* MofoBrancoViewController.swift in Sources */,
				C6B0A1602A2934A400ADA63C /* SceneDelegate.swift in Sources */,
				C6CE1A942A2EB301001BB456 /* SeptorioseViewController.swift in Sources */,
			);
			runOnlyForDeploymentPostprocessing = 0;
		};
/* End PBXSourcesBuildPhase section */

/* Begin PBXVariantGroup section */
		C6B0A1632A2934A400ADA63C /* Main.storyboard */ = {
			isa = PBXVariantGroup;
			children = (
				C6B0A1642A2934A400ADA63C /* Base */,
			);
			name = Main.storyboard;
			sourceTree = "<group>";
		};
		C6B0A1682A2934A500ADA63C /* LaunchScreen.storyboard */ = {
			isa = PBXVariantGroup;
			children = (
				C6B0A1692A2934A500ADA63C /* Base */,
			);
			name = LaunchScreen.storyboard;
			sourceTree = "<group>";
		};
/* End PBXVariantGroup section */

/* Begin XCBuildConfiguration section */
		C6B0A16C2A2934A500ADA63C /* Debug */ = {
			isa = XCBuildConfiguration;
			buildSettings = {
				ALWAYS_SEARCH_USER_PATHS = NO;
				CLANG_ANALYZER_NONNULL = YES;
				CLANG_ANALYZER_NUMBER_OBJECT_CONVERSION = YES_AGGRESSIVE;
				CLANG_CXX_LANGUAGE_STANDARD = "gnu++20";
				CLANG_ENABLE_MODULES = YES;
				CLANG_ENABLE_OBJC_ARC = YES;
				CLANG_ENABLE_OBJC_WEAK = YES;
				CLANG_WARN_BLOCK_CAPTURE_AUTORELEASING = YES;
				CLANG_WARN_BOOL_CONVERSION = YES;
				CLANG_WARN_COMMA = YES;
				CLANG_WARN_CONSTANT_CONVERSION = YES;
				CLANG_WARN_DEPRECATED_OBJC_IMPLEMENTATIONS = YES;
				CLANG_WARN_DIRECT_OBJC_ISA_USAGE = YES_ERROR;
				CLANG_WARN_DOCUMENTATION_COMMENTS = YES;
				CLANG_WARN_EMPTY_BODY = YES;
				CLANG_WARN_ENUM_CONVERSION = YES;
				CLANG_WARN_INFINITE_RECURSION = YES;
				CLANG_WARN_INT_CONVERSION = YES;
				CLANG_WARN_NON_LITERAL_NULL_CONVERSION = YES;
				CLANG_WARN_OBJC_IMPLICIT_RETAIN_SELF = YES;
				CLANG_WARN_OBJC_LITERAL_CONVERSION = YES;
				CLANG_WARN_OBJC_ROOT_CLASS = YES_ERROR;
				CLANG_WARN_QUOTED_INCLUDE_IN_FRAMEWORK_HEADER = YES;
				CLANG_WARN_RANGE_LOOP_ANALYSIS = YES;
				CLANG_WARN_STRICT_PROTOTYPES = YES;
				CLANG_WARN_SUSPICIOUS_MOVE = YES;
				CLANG_WARN_UNGUARDED_AVAILABILITY = YES_AGGRESSIVE;
				CLANG_WARN_UNREACHABLE_CODE = YES;
				CLANG_WARN__DUPLICATE_METHOD_MATCH = YES;
				COPY_PHASE_STRIP = NO;
				DEBUG_INFORMATION_FORMAT = dwarf;
				ENABLE_STRICT_OBJC_MSGSEND = YES;
				ENABLE_TESTABILITY = YES;
				GCC_C_LANGUAGE_STANDARD = gnu11;
				GCC_DYNAMIC_NO_PIC = NO;
				GCC_NO_COMMON_BLOCKS = YES;
				GCC_OPTIMIZATION_LEVEL = 0;
				GCC_PREPROCESSOR_DEFINITIONS = (
					"DEBUG=1",
					"$(inherited)",
				);
				GCC_WARN_64_TO_32_BIT_CONVERSION = YES;
				GCC_WARN_ABOUT_RETURN_TYPE = YES_ERROR;
				GCC_WARN_UNDECLARED_SELECTOR = YES;
				GCC_WARN_UNINITIALIZED_AUTOS = YES_AGGRESSIVE;
				GCC_WARN_UNUSED_FUNCTION = YES;
				GCC_WARN_UNUSED_VARIABLE = YES;
				IPHONEOS_DEPLOYMENT_TARGET = 16.0;
				MTL_ENABLE_DEBUG_INFO = INCLUDE_SOURCE;
				MTL_FAST_MATH = YES;
				ONLY_ACTIVE_ARCH = YES;
				SDKROOT = iphoneos;
				SWIFT_ACTIVE_COMPILATION_CONDITIONS = DEBUG;
				SWIFT_OPTIMIZATION_LEVEL = "-Onone";
			};
			name = Debug;
		};
		C6B0A16D2A2934A500ADA63C /* Release */ = {
			isa = XCBuildConfiguration;
			buildSettings = {
				ALWAYS_SEARCH_USER_PATHS = NO;
				CLANG_ANALYZER_NONNULL = YES;
				CLANG_ANALYZER_NUMBER_OBJECT_CONVERSION = YES_AGGRESSIVE;
				CLANG_CXX_LANGUAGE_STANDARD = "gnu++20";
				CLANG_ENABLE_MODULES = YES;
				CLANG_ENABLE_OBJC_ARC = YES;
				CLANG_ENABLE_OBJC_WEAK = YES;
				CLANG_WARN_BLOCK_CAPTURE_AUTORELEASING = YES;
				CLANG_WARN_BOOL_CONVERSION = YES;
				CLANG_WARN_COMMA = YES;
				CLANG_WARN_CONSTANT_CONVERSION = YES;
				CLANG_WARN_DEPRECATED_OBJC_IMPLEMENTATIONS = YES;
				CLANG_WARN_DIRECT_OBJC_ISA_USAGE = YES_ERROR;
				CLANG_WARN_DOCUMENTATION_COMMENTS = YES;
				CLANG_WARN_EMPTY_BODY = YES;
				CLANG_WARN_ENUM_CONVERSION = YES;
				CLANG_WARN_INFINITE_RECURSION = YES;
				CLANG_WARN_INT_CONVERSION = YES;
				CLANG_WARN_NON_LITERAL_NULL_CONVERSION = YES;
				CLANG_WARN_OBJC_IMPLICIT_RETAIN_SELF = YES;
				CLANG_WARN_OBJC_LITERAL_CONVERSION = YES;
				CLANG_WARN_OBJC_ROOT_CLASS = YES_ERROR;
				CLANG_WARN_QUOTED_INCLUDE_IN_FRAMEWORK_HEADER = YES;
				CLANG_WARN_RANGE_LOOP_ANALYSIS = YES;
				CLANG_WARN_STRICT_PROTOTYPES = YES;
				CLANG_WARN_SUSPICIOUS_MOVE = YES;
				CLANG_WARN_UNGUARDED_AVAILABILITY = YES_AGGRESSIVE;
				CLANG_WARN_UNREACHABLE_CODE = YES;
				CLANG_WARN__DUPLICATE_METHOD_MATCH = YES;
				COPY_PHASE_STRIP = NO;
				DEBUG_INFORMATION_FORMAT = "dwarf-with-dsym";
				ENABLE_NS_ASSERTIONS = NO;
				ENABLE_STRICT_OBJC_MSGSEND = YES;
				GCC_C_LANGUAGE_STANDARD = gnu11;
				GCC_NO_COMMON_BLOCKS = YES;
				GCC_WARN_64_TO_32_BIT_CONVERSION = YES;
				GCC_WARN_ABOUT_RETURN_TYPE = YES_ERROR;
				GCC_WARN_UNDECLARED_SELECTOR = YES;
				GCC_WARN_UNINITIALIZED_AUTOS = YES_AGGRESSIVE;
				GCC_WARN_UNUSED_FUNCTION = YES;
				GCC_WARN_UNUSED_VARIABLE = YES;
				IPHONEOS_DEPLOYMENT_TARGET = 16.0;
				MTL_ENABLE_DEBUG_INFO = NO;
				MTL_FAST_MATH = YES;
				SDKROOT = iphoneos;
				SWIFT_COMPILATION_MODE = wholemodule;
				SWIFT_OPTIMIZATION_LEVEL = "-O";
				VALIDATE_PRODUCT = YES;
			};
			name = Release;
		};
		C6B0A16F2A2934A500ADA63C /* Debug */ = {
			isa = XCBuildConfiguration;
			buildSettings = {
				ASSETCATALOG_COMPILER_APPICON_NAME = AppIcon;
				ASSETCATALOG_COMPILER_GLOBAL_ACCENT_COLOR_NAME = AccentColor;
				CODE_SIGN_STYLE = Automatic;
				CURRENT_PROJECT_VERSION = 1;
				DEVELOPMENT_TEAM = 2AWZ8AKM2L;
				GENERATE_INFOPLIST_FILE = YES;
				INFOPLIST_FILE = enzo_rm85311/Info.plist;
				INFOPLIST_KEY_UIApplicationSupportsIndirectInputEvents = YES;
				INFOPLIST_KEY_UILaunchStoryboardName = LaunchScreen;
				INFOPLIST_KEY_UIMainStoryboardFile = Main;
				INFOPLIST_KEY_UISupportedInterfaceOrientations = UIInterfaceOrientationPortrait;
				INFOPLIST_KEY_UISupportedInterfaceOrientations_iPad = "UIInterfaceOrientationPortrait UIInterfaceOrientationPortraitUpsideDown";
				IPHONEOS_DEPLOYMENT_TARGET = 16.0;
				LD_RUNPATH_SEARCH_PATHS = (
					"$(inherited)",
					"@executable_path/Frameworks",
				);
				MARKETING_VERSION = 1.0;
				PRODUCT_BUNDLE_IDENTIFIER = br.com.fiap.enzo_rm85311;
				PRODUCT_NAME = "$(TARGET_NAME)";
				SWIFT_EMIT_LOC_STRINGS = YES;
				SWIFT_VERSION = 5.0;
				TARGETED_DEVICE_FAMILY = "1,2";
			};
			name = Debug;
		};
		C6B0A1702A2934A500ADA63C /* Release */ = {
			isa = XCBuildConfiguration;
			buildSettings = {
				ASSETCATALOG_COMPILER_APPICON_NAME = AppIcon;
				ASSETCATALOG_COMPILER_GLOBAL_ACCENT_COLOR_NAME = AccentColor;
				CODE_SIGN_STYLE = Automatic;
				CURRENT_PROJECT_VERSION = 1;
				DEVELOPMENT_TEAM = 2AWZ8AKM2L;
				GENERATE_INFOPLIST_FILE = YES;
				INFOPLIST_FILE = enzo_rm85311/Info.plist;
				INFOPLIST_KEY_UIApplicationSupportsIndirectInputEvents = YES;
				INFOPLIST_KEY_UILaunchStoryboardName = LaunchScreen;
				INFOPLIST_KEY_UIMainStoryboardFile = Main;
				INFOPLIST_KEY_UISupportedInterfaceOrientations = UIInterfaceOrientationPortrait;
				INFOPLIST_KEY_UISupportedInterfaceOrientations_iPad = "UIInterfaceOrientationPortrait UIInterfaceOrientationPortraitUpsideDown";
				IPHONEOS_DEPLOYMENT_TARGET = 16.0;
				LD_RUNPATH_SEARCH_PATHS = (
					"$(inherited)",
					"@executable_path/Frameworks",
				);
				MARKETING_VERSION = 1.0;
				PRODUCT_BUNDLE_IDENTIFIER = br.com.fiap.enzo_rm85311;
				PRODUCT_NAME = "$(TARGET_NAME)";
				SWIFT_EMIT_LOC_STRINGS = YES;
				SWIFT_VERSION = 5.0;
				TARGETED_DEVICE_FAMILY = "1,2";
			};
			name = Release;
		};
/* End XCBuildConfiguration section */

/* Begin XCConfigurationList section */
		C6B0A1552A2934A400ADA63C /* Build configuration list for PBXProject "enzo_rm85311" */ = {
			isa = XCConfigurationList;
			buildConfigurations = (
				C6B0A16C2A2934A500ADA63C /* Debug */,
				C6B0A16D2A2934A500ADA63C /* Release */,
			);
			defaultConfigurationIsVisible = 0;
			defaultConfigurationName = Release;
		};
		C6B0A16E2A2934A500ADA63C /* Build configuration list for PBXNativeTarget "enzo_rm85311" */ = {
			isa = XCConfigurationList;
			buildConfigurations = (
				C6B0A16F2A2934A500ADA63C /* Debug */,
				C6B0A1702A2934A500ADA63C /* Release */,
			);
			defaultConfigurationIsVisible = 0;
			defaultConfigurationName = Release;
		};
/* End XCConfigurationList section */
	};
	rootObject = C6B0A1522A2934A400ADA63C /* Project object */;
}
